// !$*UTF8*$!
{
	archiveVersion = 1;
	classes = {
	};
	objectVersion = 55;
	objects = {

/* Begin PBXBuildFile section */
		927CD79028718C88005AAE11 /* AppDelegate.swift in Sources */ = {isa = PBXBuildFile; fileRef = 927CD78F28718C88005AAE11 /* AppDelegate.swift */; };
		927CD79228718C88005AAE11 /* SceneDelegate.swift in Sources */ = {isa = PBXBuildFile; fileRef = 927CD79128718C88005AAE11 /* SceneDelegate.swift */; };
		927CD79428718C88005AAE11 /* ViewController.swift in Sources */ = {isa = PBXBuildFile; fileRef = 927CD79328718C88005AAE11 /* ViewController.swift */; };
		927CD79728718C88005AAE11 /* Main.storyboard in Resources */ = {isa = PBXBuildFile; fileRef = 927CD79528718C88005AAE11 /* Main.storyboard */; };
		927CD79928718C90005AAE11 /* Assets.xcassets in Resources */ = {isa = PBXBuildFile; fileRef = 927CD79828718C90005AAE11 /* Assets.xcassets */; };
		927CD79C28718C90005AAE11 /* LaunchScreen.storyboard in Resources */ = {isa = PBXBuildFile; fileRef = 927CD79A28718C90005AAE11 /* LaunchScreen.storyboard */; };
		927CD7A728718C90005AAE11 /* CoordinatorDemoTests.swift in Sources */ = {isa = PBXBuildFile; fileRef = 927CD7A628718C90005AAE11 /* CoordinatorDemoTests.swift */; };
		927CD7B128718C90005AAE11 /* CoordinatorDemoUITests.swift in Sources */ = {isa = PBXBuildFile; fileRef = 927CD7B028718C90005AAE11 /* CoordinatorDemoUITests.swift */; };
		927CD7B328718C90005AAE11 /* CoordinatorDemoUITestsLaunchTests.swift in Sources */ = {isa = PBXBuildFile; fileRef = 927CD7B228718C90005AAE11 /* CoordinatorDemoUITestsLaunchTests.swift */; };
/* End PBXBuildFile section */

/* Begin PBXContainerItemProxy section */
		927CD7A328718C90005AAE11 /* PBXContainerItemProxy */ = {
			isa = PBXContainerItemProxy;
			containerPortal = 927CD78428718C88005AAE11 /* Project object */;
			proxyType = 1;
			remoteGlobalIDString = 927CD78B28718C88005AAE11;
			remoteInfo = CoordinatorDemo;
		};
		927CD7AD28718C90005AAE11 /* PBXContainerItemProxy */ = {
			isa = PBXContainerItemProxy;
			containerPortal = 927CD78428718C88005AAE11 /* Project object */;
			proxyType = 1;
			remoteGlobalIDString = 927CD78B28718C88005AAE11;
			remoteInfo = CoordinatorDemo;
		};
/* End PBXContainerItemProxy section */

/* Begin PBXFileReference section */
		927CD78C28718C88005AAE11 /* CoordinatorDemo.app */ = {isa = PBXFileReference; explicitFileType = wrapper.application; includeInIndex = 0; path = CoordinatorDemo.app; sourceTree = BUILT_PRODUCTS_DIR; };
		927CD78F28718C88005AAE11 /* AppDelegate.swift */ = {isa = PBXFileReference; lastKnownFileType = sourcecode.swift; path = AppDelegate.swift; sourceTree = "<group>"; };
		927CD79128718C88005AAE11 /* SceneDelegate.swift */ = {isa = PBXFileReference; lastKnownFileType = sourcecode.swift; path = SceneDelegate.swift; sourceTree = "<group>"; };
		927CD79328718C88005AAE11 /* ViewController.swift */ = {isa = PBXFileReference; lastKnownFileType = sourcecode.swift; path = ViewController.swift; sourceTree = "<group>"; };
		927CD79628718C88005AAE11 /* Base */ = {isa = PBXFileReference; lastKnownFileType = file.storyboard; name = Base; path = Base.lproj/Main.storyboard; sourceTree = "<group>"; };
		927CD79828718C90005AAE11 /* Assets.xcassets */ = {isa = PBXFileReference; lastKnownFileType = folder.assetcatalog; path = Assets.xcassets; sourceTree = "<group>"; };
		927CD79B28718C90005AAE11 /* Base */ = {isa = PBXFileReference; lastKnownFileType = file.storyboard; name = Base; path = Base.lproj/LaunchScreen.storyboard; sourceTree = "<group>"; };
		927CD79D28718C90005AAE11 /* Info.plist */ = {isa = PBXFileReference; lastKnownFileType = text.plist.xml; path = Info.plist; sourceTree = "<group>"; };
		927CD7A228718C90005AAE11 /* CoordinatorDemoTests.xctest */ = {isa = PBXFileReference; explicitFileType = wrapper.cfbundle; includeInIndex = 0; path = CoordinatorDemoTests.xctest; sourceTree = BUILT_PRODUCTS_DIR; };
		927CD7A628718C90005AAE11 /* CoordinatorDemoTests.swift */ = {isa = PBXFileReference; lastKnownFileType = sourcecode.swift; path = CoordinatorDemoTests.swift; sourceTree = "<group>"; };
		927CD7AC28718C90005AAE11 /* CoordinatorDemoUITests.xctest */ = {isa = PBXFileReference; explicitFileType = wrapper.cfbundle; includeInIndex = 0; path = CoordinatorDemoUITests.xctest; sourceTree = BUILT_PRODUCTS_DIR; };
		927CD7B028718C90005AAE11 /* CoordinatorDemoUITests.swift */ = {isa = PBXFileReference; lastKnownFileType = sourcecode.swift; path = CoordinatorDemoUITests.swift; sourceTree = "<group>"; };
		927CD7B228718C90005AAE11 /* CoordinatorDemoUITestsLaunchTests.swift */ = {isa = PBXFileReference; lastKnownFileType = sourcecode.swift; path = CoordinatorDemoUITestsLaunchTests.swift; sourceTree = "<group>"; };
/* End PBXFileReference section */

/* Begin PBXFrameworksBuildPhase section */
		927CD78928718C88005AAE11 /* Frameworks */ = {
			isa = PBXFrameworksBuildPhase;
			buildActionMask = 2147483647;
			files = (
			);
			runOnlyForDeploymentPostprocessing = 0;
		};
		927CD79F28718C90005AAE11 /* Frameworks */ = {
			isa = PBXFrameworksBuildPhase;
			buildActionMask = 2147483647;
			files = (
			);
			runOnlyForDeploymentPostprocessing = 0;
		};
		927CD7A928718C90005AAE11 /* Frameworks */ = {
			isa = PBXFrameworksBuildPhase;
			buildActionMask = 2147483647;
			files = (
			);
			runOnlyForDeploymentPostprocessing = 0;
		};
/* End PBXFrameworksBuildPhase section */

/* Begin PBXGroup section */
		927CD78328718C88005AAE11 = {
			isa = PBXGroup;
			children = (
				927CD78E28718C88005AAE11 /* CoordinatorDemo */,
				927CD7A528718C90005AAE11 /* CoordinatorDemoTests */,
				927CD7AF28718C90005AAE11 /* CoordinatorDemoUITests */,
				927CD78D28718C88005AAE11 /* Products */,
			);
			sourceTree = "<group>";
		};
		927CD78D28718C88005AAE11 /* Products */ = {
			isa = PBXGroup;
			children = (
				927CD78C28718C88005AAE11 /* CoordinatorDemo.app */,
				927CD7A228718C90005AAE11 /* CoordinatorDemoTests.xctest */,
				927CD7AC28718C90005AAE11 /* CoordinatorDemoUITests.xctest */,
			);
			name = Products;
			sourceTree = "<group>";
		};
		927CD78E28718C88005AAE11 /* CoordinatorDemo */ = {
			isa = PBXGroup;
			children = (
				927CD78F28718C88005AAE11 /* AppDelegate.swift */,
				927CD79128718C88005AAE11 /* SceneDelegate.swift */,
				927CD79328718C88005AAE11 /* ViewController.swift */,
				927CD79528718C88005AAE11 /* Main.storyboard */,
				927CD79828718C90005AAE11 /* Assets.xcassets */,
				927CD79A28718C90005AAE11 /* LaunchScreen.storyboard */,
				927CD79D28718C90005AAE11 /* Info.plist */,
			);
			path = CoordinatorDemo;
			sourceTree = "<group>";
		};
		927CD7A528718C90005AAE11 /* CoordinatorDemoTests */ = {
			isa = PBXGroup;
			children = (
				927CD7A628718C90005AAE11 /* CoordinatorDemoTests.swift */,
			);
			path = CoordinatorDemoTests;
			sourceTree = "<group>";
		};
		927CD7AF28718C90005AAE11 /* CoordinatorDemoUITests */ = {
			isa = PBXGroup;
			children = (
				927CD7B028718C90005AAE11 /* CoordinatorDemoUITests.swift */,
				927CD7B228718C90005AAE11 /* CoordinatorDemoUITestsLaunchTests.swift */,
			);
			path = CoordinatorDemoUITests;
			sourceTree = "<group>";
		};
/* End PBXGroup section */

/* Begin PBXNativeTarget section */
		927CD78B28718C88005AAE11 /* CoordinatorDemo */ = {
			isa = PBXNativeTarget;
			buildConfigurationList = 927CD7B628718C90005AAE11 /* Build configuration list for PBXNativeTarget "CoordinatorDemo" */;
			buildPhases = (
				927CD78828718C88005AAE11 /* Sources */,
				927CD78928718C88005AAE11 /* Frameworks */,
				927CD78A28718C88005AAE11 /* Resources */,
			);
			buildRules = (
			);
			dependencies = (
			);
			name = CoordinatorDemo;
			productName = CoordinatorDemo;
			productReference = 927CD78C28718C88005AAE11 /* CoordinatorDemo.app */;
			productType = "com.apple.product-type.application";
		};
		927CD7A128718C90005AAE11 /* CoordinatorDemoTests */ = {
			isa = PBXNativeTarget;
			buildConfigurationList = 927CD7B928718C90005AAE11 /* Build configuration list for PBXNativeTarget "CoordinatorDemoTests" */;
			buildPhases = (
				927CD79E28718C90005AAE11 /* Sources */,
				927CD79F28718C90005AAE11 /* Frameworks */,
				927CD7A028718C90005AAE11 /* Resources */,
			);
			buildRules = (
			);
			dependencies = (
				927CD7A428718C90005AAE11 /* PBXTargetDependency */,
			);
			name = CoordinatorDemoTests;
			productName = CoordinatorDemoTests;
			productReference = 927CD7A228718C90005AAE11 /* CoordinatorDemoTests.xctest */;
			productType = "com.apple.product-type.bundle.unit-test";
		};
		927CD7AB28718C90005AAE11 /* CoordinatorDemoUITests */ = {
			isa = PBXNativeTarget;
			buildConfigurationList = 927CD7BC28718C90005AAE11 /* Build configuration list for PBXNativeTarget "CoordinatorDemoUITests" */;
			buildPhases = (
				927CD7A828718C90005AAE11 /* Sources */,
				927CD7A928718C90005AAE11 /* Frameworks */,
				927CD7AA28718C90005AAE11 /* Resources */,
			);
			buildRules = (
			);
			dependencies = (
				927CD7AE28718C90005AAE11 /* PBXTargetDependency */,
			);
			name = CoordinatorDemoUITests;
			productName = CoordinatorDemoUITests;
			productReference = 927CD7AC28718C90005AAE11 /* CoordinatorDemoUITests.xctest */;
			productType = "com.apple.product-type.bundle.ui-testing";
		};
/* End PBXNativeTarget section */

/* Begin PBXProject section */
		927CD78428718C88005AAE11 /* Project object */ = {
			isa = PBXProject;
			attributes = {
				BuildIndependentTargetsInParallel = 1;
				LastSwiftUpdateCheck = 1330;
				LastUpgradeCheck = 1330;
				TargetAttributes = {
					927CD78B28718C88005AAE11 = {
						CreatedOnToolsVersion = 13.3.1;
					};
					927CD7A128718C90005AAE11 = {
						CreatedOnToolsVersion = 13.3.1;
						TestTargetID = 927CD78B28718C88005AAE11;
					};
					927CD7AB28718C90005AAE11 = {
						CreatedOnToolsVersion = 13.3.1;
						TestTargetID = 927CD78B28718C88005AAE11;
					};
				};
			};
			buildConfigurationList = 927CD78728718C88005AAE11 /* Build configuration list for PBXProject "CoordinatorDemo" */;
			compatibilityVersion = "Xcode 13.0";
			developmentRegion = en;
			hasScannedForEncodings = 0;
			knownRegions = (
				en,
				Base,
			);
			mainGroup = 927CD78328718C88005AAE11;
			productRefGroup = 927CD78D28718C88005AAE11 /* Products */;
			projectDirPath = "";
			projectRoot = "";
			targets = (
				927CD78B28718C88005AAE11 /* CoordinatorDemo */,
				927CD7A128718C90005AAE11 /* CoordinatorDemoTests */,
				927CD7AB28718C90005AAE11 /* CoordinatorDemoUITests */,
			);
		};
/* End PBXProject section */

/* Begin PBXResourcesBuildPhase section */
		927CD78A28718C88005AAE11 /* Resources */ = {
			isa = PBXResourcesBuildPhase;
			buildActionMask = 2147483647;
			files = (
				927CD79C28718C90005AAE11 /* LaunchScreen.storyboard in Resources */,
				927CD79928718C90005AAE11 /* Assets.xcassets in Resources */,
				927CD79728718C88005AAE11 /* Main.storyboard in Resources */,
			);
			runOnlyForDeploymentPostprocessing = 0;
		};
		927CD7A028718C90005AAE11 /* Resources */ = {
			isa = PBXResourcesBuildPhase;
			buildActionMask = 2147483647;
			files = (
			);
			runOnlyForDeploymentPostprocessing = 0;
		};
		927CD7AA28718C90005AAE11 /* Resources */ = {
			isa = PBXResourcesBuildPhase;
			buildActionMask = 2147483647;
			files = (
			);
			runOnlyForDeploymentPostprocessing = 0;
		};
/* End PBXResourcesBuildPhase section */

/* Begin PBXSourcesBuildPhase section */
		927CD78828718C88005AAE11 /* Sources */ = {
			isa = PBXSourcesBuildPhase;
			buildActionMask = 2147483647;
			files = (
				927CD79428718C88005AAE11 /* ViewController.swift in Sources */,
				927CD79028718C88005AAE11 /* AppDelegate.swift in Sources */,
				927CD79228718C88005AAE11 /* SceneDelegate.swift in Sources */,
			);
			runOnlyForDeploymentPostprocessing = 0;
		};
		927CD79E28718C90005AAE11 /* Sources */ = {
			isa = PBXSourcesBuildPhase;
			buildActionMask = 2147483647;
			files = (
				927CD7A728718C90005AAE11 /* CoordinatorDemoTests.swift in Sources */,
			);
			runOnlyForDeploymentPostprocessing = 0;
		};
		927CD7A828718C90005AAE11 /* Sources */ = {
			isa = PBXSourcesBuildPhase;
			buildActionMask = 2147483647;
			files = (
				927CD7B328718C90005AAE11 /* CoordinatorDemoUITestsLaunchTests.swift in Sources */,
				927CD7B128718C90005AAE11 /* CoordinatorDemoUITests.swift in Sources */,
			);
			runOnlyForDeploymentPostprocessing = 0;
		};
/* End PBXSourcesBuildPhase section */

/* Begin PBXTargetDependency section */
		927CD7A428718C90005AAE11 /* PBXTargetDependency */ = {
			isa = PBXTargetDependency;
			target = 927CD78B28718C88005AAE11 /* CoordinatorDemo */;
			targetProxy = 927CD7A328718C90005AAE11 /* PBXContainerItemProxy */;
		};
		927CD7AE28718C90005AAE11 /* PBXTargetDependency */ = {
			isa = PBXTargetDependency;
			target = 927CD78B28718C88005AAE11 /* CoordinatorDemo */;
			targetProxy = 927CD7AD28718C90005AAE11 /* PBXContainerItemProxy */;
		};
/* End PBXTargetDependency section */

/* Begin PBXVariantGroup section */
		927CD79528718C88005AAE11 /* Main.storyboard */ = {
			isa = PBXVariantGroup;
			children = (
				927CD79628718C88005AAE11 /* Base */,
			);
			name = Main.storyboard;
			sourceTree = "<group>";
		};
		927CD79A28718C90005AAE11 /* LaunchScreen.storyboard */ = {
			isa = PBXVariantGroup;
			children = (
				927CD79B28718C90005AAE11 /* Base */,
			);
			name = LaunchScreen.storyboard;
			sourceTree = "<group>";
		};
/* End PBXVariantGroup section */

/* Begin XCBuildConfiguration section */
		927CD7B428718C90005AAE11 /* Debug */ = {
			isa = XCBuildConfiguration;
			buildSettings = {
				ALWAYS_SEARCH_USER_PATHS = NO;
				CLANG_ANALYZER_NONNULL = YES;
				CLANG_ANALYZER_NUMBER_OBJECT_CONVERSION = YES_AGGRESSIVE;
				CLANG_CXX_LANGUAGE_STANDARD = "gnu++17";
				CLANG_ENABLE_MODULES = YES;
				CLANG_ENABLE_OBJC_ARC = YES;
				CLANG_ENABLE_OBJC_WEAK = YES;
				CLANG_WARN_BLOCK_CAPTURE_AUTORELEASING = YES;
				CLANG_WARN_BOOL_CONVERSION = YES;
				CLANG_WARN_COMMA = YES;
				CLANG_WARN_CONSTANT_CONVERSION = YES;
				CLANG_WARN_DEPRECATED_OBJC_IMPLEMENTATIONS = YES;
				CLANG_WARN_DIRECT_OBJC_ISA_USAGE = YES_ERROR;
				CLANG_WARN_DOCUMENTATION_COMMENTS = YES;
				CLANG_WARN_EMPTY_BODY = YES;
				CLANG_WARN_ENUM_CONVERSION = YES;
				CLANG_WARN_INFINITE_RECURSION = YES;
				CLANG_WARN_INT_CONVERSION = YES;
				CLANG_WARN_NON_LITERAL_NULL_CONVERSION = YES;
				CLANG_WARN_OBJC_IMPLICIT_RETAIN_SELF = YES;
				CLANG_WARN_OBJC_LITERAL_CONVERSION = YES;
				CLANG_WARN_OBJC_ROOT_CLASS = YES_ERROR;
				CLANG_WARN_QUOTED_INCLUDE_IN_FRAMEWORK_HEADER = YES;
				CLANG_WARN_RANGE_LOOP_ANALYSIS = YES;
				CLANG_WARN_STRICT_PROTOTYPES = YES;
				CLANG_WARN_SUSPICIOUS_MOVE = YES;
				CLANG_WARN_UNGUARDED_AVAILABILITY = YES_AGGRESSIVE;
				CLANG_WARN_UNREACHABLE_CODE = YES;
				CLANG_WARN__DUPLICATE_METHOD_MATCH = YES;
				COPY_PHASE_STRIP = NO;
				DEBUG_INFORMATION_FORMAT = dwarf;
				ENABLE_STRICT_OBJC_MSGSEND = YES;
				ENABLE_TESTABILITY = YES;
				GCC_C_LANGUAGE_STANDARD = gnu11;
				GCC_DYNAMIC_NO_PIC = NO;
				GCC_NO_COMMON_BLOCKS = YES;
				GCC_OPTIMIZATION_LEVEL = 0;
				GCC_PREPROCESSOR_DEFINITIONS = (
					"DEBUG=1",
					"$(inherited)",
				);
				GCC_WARN_64_TO_32_BIT_CONVERSION = YES;
				GCC_WARN_ABOUT_RETURN_TYPE = YES_ERROR;
				GCC_WARN_UNDECLARED_SELECTOR = YES;
				GCC_WARN_UNINITIALIZED_AUTOS = YES_AGGRESSIVE;
				GCC_WARN_UNUSED_FUNCTION = YES;
				GCC_WARN_UNUSED_VARIABLE = YES;
				IPHONEOS_DEPLOYMENT_TARGET = 15.4;
				MTL_ENABLE_DEBUG_INFO = INCLUDE_SOURCE;
				MTL_FAST_MATH = YES;
				ONLY_ACTIVE_ARCH = YES;
				SDKROOT = iphoneos;
				SWIFT_ACTIVE_COMPILATION_CONDITIONS = DEBUG;
				SWIFT_OPTIMIZATION_LEVEL = "-Onone";
			};
			name = Debug;
		};
		927CD7B528718C90005AAE11 /* Release */ = {
			isa = XCBuildConfiguration;
			buildSettings = {
				ALWAYS_SEARCH_USER_PATHS = NO;
				CLANG_ANALYZER_NONNULL = YES;
				CLANG_ANALYZER_NUMBER_OBJECT_CONVERSION = YES_AGGRESSIVE;
				CLANG_CXX_LANGUAGE_STANDARD = "gnu++17";
				CLANG_ENABLE_MODULES = YES;
				CLANG_ENABLE_OBJC_ARC = YES;
				CLANG_ENABLE_OBJC_WEAK = YES;
				CLANG_WARN_BLOCK_CAPTURE_AUTORELEASING = YES;
				CLANG_WARN_BOOL_CONVERSION = YES;
				CLANG_WARN_COMMA = YES;
				CLANG_WARN_CONSTANT_CONVERSION = YES;
				CLANG_WARN_DEPRECATED_OBJC_IMPLEMENTATIONS = YES;
				CLANG_WARN_DIRECT_OBJC_ISA_USAGE = YES_ERROR;
				CLANG_WARN_DOCUMENTATION_COMMENTS = YES;
				CLANG_WARN_EMPTY_BODY = YES;
				CLANG_WARN_ENUM_CONVERSION = YES;
				CLANG_WARN_INFINITE_RECURSION = YES;
				CLANG_WARN_INT_CONVERSION = YES;
				CLANG_WARN_NON_LITERAL_NULL_CONVERSION = YES;
				CLANG_WARN_OBJC_IMPLICIT_RETAIN_SELF = YES;
				CLANG_WARN_OBJC_LITERAL_CONVERSION = YES;
				CLANG_WARN_OBJC_ROOT_CLASS = YES_ERROR;
				CLANG_WARN_QUOTED_INCLUDE_IN_FRAMEWORK_HEADER = YES;
				CLANG_WARN_RANGE_LOOP_ANALYSIS = YES;
				CLANG_WARN_STRICT_PROTOTYPES = YES;
				CLANG_WARN_SUSPICIOUS_MOVE = YES;
				CLANG_WARN_UNGUARDED_AVAILABILITY = YES_AGGRESSIVE;
				CLANG_WARN_UNREACHABLE_CODE = YES;
				CLANG_WARN__DUPLICATE_METHOD_MATCH = YES;
				COPY_PHASE_STRIP = NO;
				DEBUG_INFORMATION_FORMAT = "dwarf-with-dsym";
				ENABLE_NS_ASSERTIONS = NO;
				ENABLE_STRICT_OBJC_MSGSEND = YES;
				GCC_C_LANGUAGE_STANDARD = gnu11;
				GCC_NO_COMMON_BLOCKS = YES;
				GCC_WARN_64_TO_32_BIT_CONVERSION = YES;
				GCC_WARN_ABOUT_RETURN_TYPE = YES_ERROR;
				GCC_WARN_UNDECLARED_SELECTOR = YES;
				GCC_WARN_UNINITIALIZED_AUTOS = YES_AGGRESSIVE;
				GCC_WARN_UNUSED_FUNCTION = YES;
				GCC_WARN_UNUSED_VARIABLE = YES;
				IPHONEOS_DEPLOYMENT_TARGET = 15.4;
				MTL_ENABLE_DEBUG_INFO = NO;
				MTL_FAST_MATH = YES;
				SDKROOT = iphoneos;
				SWIFT_COMPILATION_MODE = wholemodule;
				SWIFT_OPTIMIZATION_LEVEL = "-O";
				VALIDATE_PRODUCT = YES;
			};
			name = Release;
		};
		927CD7B728718C90005AAE11 /* Debug */ = {
			isa = XCBuildConfiguration;
			buildSettings = {
				ASSETCATALOG_COMPILER_APPICON_NAME = AppIcon;
				ASSETCATALOG_COMPILER_GLOBAL_ACCENT_COLOR_NAME = AccentColor;
				CODE_SIGN_STYLE = Automatic;
				CURRENT_PROJECT_VERSION = 1;
				DEVELOPMENT_TEAM = X8D85Q5275;
				GENERATE_INFOPLIST_FILE = YES;
				INFOPLIST_FILE = CoordinatorDemo/Info.plist;
				INFOPLIST_KEY_UIApplicationSupportsIndirectInputEvents = YES;
				INFOPLIST_KEY_UILaunchStoryboardName = LaunchScreen;
				INFOPLIST_KEY_UIMainStoryboardFile = Main;
				INFOPLIST_KEY_UISupportedInterfaceOrientations_iPad = "UIInterfaceOrientationPortrait UIInterfaceOrientationPortraitUpsideDown UIInterfaceOrientationLandscapeLeft UIInterfaceOrientationLandscapeRight";
				INFOPLIST_KEY_UISupportedInterfaceOrientations_iPhone = "UIInterfaceOrientationPortrait UIInterfaceOrientationLandscapeLeft UIInterfaceOrientationLandscapeRight";
				LD_RUNPATH_SEARCH_PATHS = (
					"$(inherited)",
					"@executable_path/Frameworks",
				);
				MARKETING_VERSION = 1.0;
				PRODUCT_BUNDLE_IDENTIFIER = testapp.com.CoordinatorDemo;
				PRODUCT_NAME = "$(TARGET_NAME)";
				SWIFT_EMIT_LOC_STRINGS = YES;
				SWIFT_VERSION = 5.0;
				TARGETED_DEVICE_FAMILY = "1,2";
			};
			name = Debug;
		};
		927CD7B828718C90005AAE11 /* Release */ = {
			isa = XCBuildConfiguration;
			buildSettings = {
				ASSETCATALOG_COMPILER_APPICON_NAME = AppIcon;
				ASSETCATALOG_COMPILER_GLOBAL_ACCENT_COLOR_NAME = AccentColor;
				CODE_SIGN_STYLE = Automatic;
				CURRENT_PROJECT_VERSION = 1;
				DEVELOPMENT_TEAM = X8D85Q5275;
				GENERATE_INFOPLIST_FILE = YES;
				INFOPLIST_FILE = CoordinatorDemo/Info.plist;
				INFOPLIST_KEY_UIApplicationSupportsIndirectInputEvents = YES;
				INFOPLIST_KEY_UILaunchStoryboardName = LaunchScreen;
				INFOPLIST_KEY_UIMainStoryboardFile = Main;
				INFOPLIST_KEY_UISupportedInterfaceOrientations_iPad = "UIInterfaceOrientationPortrait UIInterfaceOrientationPortraitUpsideDown UIInterfaceOrientationLandscapeLeft UIInterfaceOrientationLandscapeRight";
				INFOPLIST_KEY_UISupportedInterfaceOrientations_iPhone = "UIInterfaceOrientationPortrait UIInterfaceOrientationLandscapeLeft UIInterfaceOrientationLandscapeRight";
				LD_RUNPATH_SEARCH_PATHS = (
					"$(inherited)",
					"@executable_path/Frameworks",
				);
				MARKETING_VERSION = 1.0;
				PRODUCT_BUNDLE_IDENTIFIER = testapp.com.CoordinatorDemo;
				PRODUCT_NAME = "$(TARGET_NAME)";
				SWIFT_EMIT_LOC_STRINGS = YES;
				SWIFT_VERSION = 5.0;
				TARGETED_DEVICE_FAMILY = "1,2";
			};
			name = Release;
		};
		927CD7BA28718C90005AAE11 /* Debug */ = {
			isa = XCBuildConfiguration;
			buildSettings = {
				ALWAYS_EMBED_SWIFT_STANDARD_LIBRARIES = YES;
				BUNDLE_LOADER = "$(TEST_HOST)";
				CODE_SIGN_STYLE = Automatic;
				CURRENT_PROJECT_VERSION = 1;
				DEVELOPMENT_TEAM = X8D85Q5275;
				GENERATE_INFOPLIST_FILE = YES;
				IPHONEOS_DEPLOYMENT_TARGET = 15.4;
				MARKETING_VERSION = 1.0;
				PRODUCT_BUNDLE_IDENTIFIER = testapp.com.CoordinatorDemoTests;
				PRODUCT_NAME = "$(TARGET_NAME)";
				SWIFT_EMIT_LOC_STRINGS = NO;
				SWIFT_VERSION = 5.0;
				TARGETED_DEVICE_FAMILY = "1,2";
				TEST_HOST = "$(BUILT_PRODUCTS_DIR)/CoordinatorDemo.app/CoordinatorDemo";
			};
			name = Debug;
		};
		927CD7BB28718C90005AAE11 /* Release */ = {
			isa = XCBuildConfiguration;
			buildSettings = {
				ALWAYS_EMBED_SWIFT_STANDARD_LIBRARIES = YES;
				BUNDLE_LOADER = "$(TEST_HOST)";
				CODE_SIGN_STYLE = Automatic;
				CURRENT_PROJECT_VERSION = 1;
				DEVELOPMENT_TEAM = X8D85Q5275;
				GENERATE_INFOPLIST_FILE = YES;
				IPHONEOS_DEPLOYMENT_TARGET = 15.4;
				MARKETING_VERSION = 1.0;
				PRODUCT_BUNDLE_IDENTIFIER = testapp.com.CoordinatorDemoTests;
				PRODUCT_NAME = "$(TARGET_NAME)";
				SWIFT_EMIT_LOC_STRINGS = NO;
				SWIFT_VERSION = 5.0;
				TARGETED_DEVICE_FAMILY = "1,2";
				TEST_HOST = "$(BUILT_PRODUCTS_DIR)/CoordinatorDemo.app/CoordinatorDemo";
			};
			name = Release;
		};
		927CD7BD28718C90005AAE11 /* Debug */ = {
			isa = XCBuildConfiguration;
			buildSettings = {
				ALWAYS_EMBED_SWIFT_STANDARD_LIBRARIES = YES;
				CODE_SIGN_STYLE = Automatic;
				CURRENT_PROJECT_VERSION = 1;
				DEVELOPMENT_TEAM = X8D85Q5275;
				GENERATE_INFOPLIST_FILE = YES;
				MARKETING_VERSION = 1.0;
				PRODUCT_BUNDLE_IDENTIFIER = testapp.com.CoordinatorDemoUITests;
				PRODUCT_NAME = "$(TARGET_NAME)";
				SWIFT_EMIT_LOC_STRINGS = NO;
				SWIFT_VERSION = 5.0;
				TARGETED_DEVICE_FAMILY = "1,2";
				TEST_TARGET_NAME = CoordinatorDemo;
			};
			name = Debug;
		};
		927CD7BE28718C90005AAE11 /* Release */ = {
			isa = XCBuildConfiguration;
			buildSettings = {
				ALWAYS_EMBED_SWIFT_STANDARD_LIBRARIES = YES;
				CODE_SIGN_STYLE = Automatic;
				CURRENT_PROJECT_VERSION = 1;
				DEVELOPMENT_TEAM = X8D85Q5275;
				GENERATE_INFOPLIST_FILE = YES;
				MARKETING_VERSION = 1.0;
				PRODUCT_BUNDLE_IDENTIFIER = testapp.com.CoordinatorDemoUITests;
				PRODUCT_NAME = "$(TARGET_NAME)";
				SWIFT_EMIT_LOC_STRINGS = NO;
				SWIFT_VERSION = 5.0;
				TARGETED_DEVICE_FAMILY = "1,2";
				TEST_TARGET_NAME = CoordinatorDemo;
			};
			name = Release;
		};
/* End XCBuildConfiguration section */

/* Begin XCConfigurationList section */
		927CD78728718C88005AAE11 /* Build configuration list for PBXProject "CoordinatorDemo" */ = {
			isa = XCConfigurationList;
			buildConfigurations = (
				927CD7B428718C90005AAE11 /* Debug */,
				927CD7B528718C90005AAE11 /* Release */,
			);
			defaultConfigurationIsVisible = 0;
			defaultConfigurationName = Release;
		};
		927CD7B628718C90005AAE11 /* Build configuration list for PBXNativeTarget "CoordinatorDemo" */ = {
			isa = XCConfigurationList;
			buildConfigurations = (
				927CD7B728718C90005AAE11 /* Debug */,
				927CD7B828718C90005AAE11 /* Release */,
			);
			defaultConfigurationIsVisible = 0;
			defaultConfigurationName = Release;
		};
		927CD7B928718C90005AAE11 /* Build configuration list for PBXNativeTarget "CoordinatorDemoTests" */ = {
			isa = XCConfigurationList;
			buildConfigurations = (
				927CD7BA28718C90005AAE11 /* Debug */,
				927CD7BB28718C90005AAE11 /* Release */,
			);
			defaultConfigurationIsVisible = 0;
			defaultConfigurationName = Release;
		};
		927CD7BC28718C90005AAE11 /* Build configuration list for PBXNativeTarget "CoordinatorDemoUITests" */ = {
			isa = XCConfigurationList;
			buildConfigurations = (
				927CD7BD28718C90005AAE11 /* Debug */,
				927CD7BE28718C90005AAE11 /* Release */,
			);
			defaultConfigurationIsVisible = 0;
			defaultConfigurationName = Release;
		};
/* End XCConfigurationList section */
	};
	rootObject = 927CD78428718C88005AAE11 /* Project object */;
}
