// !$*UTF8*$!
{
	archiveVersion = 1;
	classes = {
	};
	objectVersion = 55;
	objects = {

/* Begin PBXBuildFile section */
		7BEEAB0C1987843FD9FD441A /* Pods_CoordinatorDemo_CoordinatorDemoUITests.framework in Frameworks */ = {isa = PBXBuildFile; fileRef = 69817908CA73B362F7830EFD /* Pods_CoordinatorDemo_CoordinatorDemoUITests.framework */; };
		92285D562871DF0D00122F92 /* AppCoordinator.swift in Sources */ = {isa = PBXBuildFile; fileRef = 92285D552871DF0D00122F92 /* AppCoordinator.swift */; };
		92285D582871E6F700122F92 /* AppCoordinatorModel.swift in Sources */ = {isa = PBXBuildFile; fileRef = 92285D572871E6F700122F92 /* AppCoordinatorModel.swift */; };
		92285D5A2871E7D900122F92 /* Constants.swift in Sources */ = {isa = PBXBuildFile; fileRef = 92285D592871E7D900122F92 /* Constants.swift */; };
		92285D5D2871EA6B00122F92 /* LoginViewController.swift in Sources */ = {isa = PBXBuildFile; fileRef = 92285D5C2871EA6B00122F92 /* LoginViewController.swift */; };
		92285D5F2871EA8C00122F92 /* MainViewController.swift in Sources */ = {isa = PBXBuildFile; fileRef = 92285D5E2871EA8C00122F92 /* MainViewController.swift */; };
		92285D612872801C00122F92 /* LoginCoordinator.swift in Sources */ = {isa = PBXBuildFile; fileRef = 92285D602872801C00122F92 /* LoginCoordinator.swift */; };
		924194452872951500DC8938 /* SnapKit in Frameworks */ = {isa = PBXBuildFile; productRef = 924194442872951500DC8938 /* SnapKit */; };
		924194472872990800DC8938 /* MainViewCoordinator.swift in Sources */ = {isa = PBXBuildFile; fileRef = 924194462872990800DC8938 /* MainViewCoordinator.swift */; };
		924194492872BCE700DC8938 /* CameraViewController.swift in Sources */ = {isa = PBXBuildFile; fileRef = 924194482872BCE700DC8938 /* CameraViewController.swift */; };
		9241944B2872BD9F00DC8938 /* NotificationViewController.swift in Sources */ = {isa = PBXBuildFile; fileRef = 9241944A2872BD9F00DC8938 /* NotificationViewController.swift */; };
		9241944D2872BDCC00DC8938 /* SettingsViewController.swift in Sources */ = {isa = PBXBuildFile; fileRef = 9241944C2872BDCC00DC8938 /* SettingsViewController.swift */; };
		9241944F2872C07300DC8938 /* CameraCoordinator.swift in Sources */ = {isa = PBXBuildFile; fileRef = 9241944E2872C07300DC8938 /* CameraCoordinator.swift */; };
		924194512872C0C000DC8938 /* NotificationCoordinator.swift in Sources */ = {isa = PBXBuildFile; fileRef = 924194502872C0C000DC8938 /* NotificationCoordinator.swift */; };
		924194532872C14100DC8938 /* SettingsCoordinator.swift in Sources */ = {isa = PBXBuildFile; fileRef = 924194522872C14100DC8938 /* SettingsCoordinator.swift */; };
		927CD79028718C88005AAE11 /* AppDelegate.swift in Sources */ = {isa = PBXBuildFile; fileRef = 927CD78F28718C88005AAE11 /* AppDelegate.swift */; };
		927CD79228718C88005AAE11 /* SceneDelegate.swift in Sources */ = {isa = PBXBuildFile; fileRef = 927CD79128718C88005AAE11 /* SceneDelegate.swift */; };
		927CD79428718C88005AAE11 /* ViewController.swift in Sources */ = {isa = PBXBuildFile; fileRef = 927CD79328718C88005AAE11 /* ViewController.swift */; };
		927CD79728718C88005AAE11 /* Main.storyboard in Resources */ = {isa = PBXBuildFile; fileRef = 927CD79528718C88005AAE11 /* Main.storyboard */; };
		927CD79928718C90005AAE11 /* Assets.xcassets in Resources */ = {isa = PBXBuildFile; fileRef = 927CD79828718C90005AAE11 /* Assets.xcassets */; };
		927CD79C28718C90005AAE11 /* LaunchScreen.storyboard in Resources */ = {isa = PBXBuildFile; fileRef = 927CD79A28718C90005AAE11 /* LaunchScreen.storyboard */; };
		927CD7A728718C90005AAE11 /* CoordinatorDemoTests.swift in Sources */ = {isa = PBXBuildFile; fileRef = 927CD7A628718C90005AAE11 /* CoordinatorDemoTests.swift */; };
		927CD7B128718C90005AAE11 /* CoordinatorDemoUITests.swift in Sources */ = {isa = PBXBuildFile; fileRef = 927CD7B028718C90005AAE11 /* CoordinatorDemoUITests.swift */; };
		927CD7B328718C90005AAE11 /* CoordinatorDemoUITestsLaunchTests.swift in Sources */ = {isa = PBXBuildFile; fileRef = 927CD7B228718C90005AAE11 /* CoordinatorDemoUITestsLaunchTests.swift */; };
		927CD7C128718CB6005AAE11 /* Coordinator.swift in Sources */ = {isa = PBXBuildFile; fileRef = 927CD7C028718CB6005AAE11 /* Coordinator.swift */; };
		927CD7C328718F57005AAE11 /* NavigationRouter.swift in Sources */ = {isa = PBXBuildFile; fileRef = 927CD7C228718F57005AAE11 /* NavigationRouter.swift */; };
		927CD7C52871DAF6005AAE11 /* BaseCoordinator.swift in Sources */ = {isa = PBXBuildFile; fileRef = 927CD7C42871DAF6005AAE11 /* BaseCoordinator.swift */; };
		928C3D7B287423BB0079414B /* CameraDetailCoordinator.swift in Sources */ = {isa = PBXBuildFile; fileRef = 928C3D7A287423BB0079414B /* CameraDetailCoordinator.swift */; };
		928C3D7E287426AC0079414B /* Camera.swift in Sources */ = {isa = PBXBuildFile; fileRef = 928C3D7D287426AC0079414B /* Camera.swift */; };
		928C3D81287428170079414B /* CameraViewModel.swift in Sources */ = {isa = PBXBuildFile; fileRef = 928C3D80287428170079414B /* CameraViewModel.swift */; };
		928C3D832874341C0079414B /* CameraDetailViewController.swift in Sources */ = {isa = PBXBuildFile; fileRef = 928C3D822874341C0079414B /* CameraDetailViewController.swift */; };
		928C3D85287483620079414B /* LensViewController.swift in Sources */ = {isa = PBXBuildFile; fileRef = 928C3D84287483620079414B /* LensViewController.swift */; };
		92E92DC32875D58E00ACFB87 /* DeepLinkOption.swift in Sources */ = {isa = PBXBuildFile; fileRef = 92E92DC22875D58E00ACFB87 /* DeepLinkOption.swift */; };
		A9E21D873610D43B27CC51D0 /* Pods_CoordinatorDemo.framework in Frameworks */ = {isa = PBXBuildFile; fileRef = FB4F101763BA8B8B66FD8421 /* Pods_CoordinatorDemo.framework */; };
		B04D5D59198496CF26E3E521 /* Pods_CoordinatorDemoTests.framework in Frameworks */ = {isa = PBXBuildFile; fileRef = B3D2C8EC3A0CB478156983FA /* Pods_CoordinatorDemoTests.framework */; };
/* End PBXBuildFile section */

/* Begin PBXContainerItemProxy section */
		927CD7A328718C90005AAE11 /* PBXContainerItemProxy */ = {
			isa = PBXContainerItemProxy;
			containerPortal = 927CD78428718C88005AAE11 /* Project object */;
			proxyType = 1;
			remoteGlobalIDString = 927CD78B28718C88005AAE11;
			remoteInfo = CoordinatorDemo;
		};
		927CD7AD28718C90005AAE11 /* PBXContainerItemProxy */ = {
			isa = PBXContainerItemProxy;
			containerPortal = 927CD78428718C88005AAE11 /* Project object */;
			proxyType = 1;
			remoteGlobalIDString = 927CD78B28718C88005AAE11;
			remoteInfo = CoordinatorDemo;
		};
/* End PBXContainerItemProxy section */

/* Begin PBXFileReference section */
		078E481F20962AD7EFE5C097 /* Pods-CoordinatorDemoTests.debug.xcconfig */ = {isa = PBXFileReference; includeInIndex = 1; lastKnownFileType = text.xcconfig; name = "Pods-CoordinatorDemoTests.debug.xcconfig"; path = "Target Support Files/Pods-CoordinatorDemoTests/Pods-CoordinatorDemoTests.debug.xcconfig"; sourceTree = "<group>"; };
		29941395BBDE99DC5A0A6134 /* Pods-CoordinatorDemo.debug.xcconfig */ = {isa = PBXFileReference; includeInIndex = 1; lastKnownFileType = text.xcconfig; name = "Pods-CoordinatorDemo.debug.xcconfig"; path = "Target Support Files/Pods-CoordinatorDemo/Pods-CoordinatorDemo.debug.xcconfig"; sourceTree = "<group>"; };
		2A7CBEC9628A95ABC530C7D9 /* Pods-CoordinatorDemo.release.xcconfig */ = {isa = PBXFileReference; includeInIndex = 1; lastKnownFileType = text.xcconfig; name = "Pods-CoordinatorDemo.release.xcconfig"; path = "Target Support Files/Pods-CoordinatorDemo/Pods-CoordinatorDemo.release.xcconfig"; sourceTree = "<group>"; };
		659DCCB0081C73D65826EFAE /* Pods-CoordinatorDemo-CoordinatorDemoUITests.debug.xcconfig */ = {isa = PBXFileReference; includeInIndex = 1; lastKnownFileType = text.xcconfig; name = "Pods-CoordinatorDemo-CoordinatorDemoUITests.debug.xcconfig"; path = "Target Support Files/Pods-CoordinatorDemo-CoordinatorDemoUITests/Pods-CoordinatorDemo-CoordinatorDemoUITests.debug.xcconfig"; sourceTree = "<group>"; };
		69817908CA73B362F7830EFD /* Pods_CoordinatorDemo_CoordinatorDemoUITests.framework */ = {isa = PBXFileReference; explicitFileType = wrapper.framework; includeInIndex = 0; path = Pods_CoordinatorDemo_CoordinatorDemoUITests.framework; sourceTree = BUILT_PRODUCTS_DIR; };
		8BC25DCF0283738A5A47B5CE /* Pods-CoordinatorDemoTests.release.xcconfig */ = {isa = PBXFileReference; includeInIndex = 1; lastKnownFileType = text.xcconfig; name = "Pods-CoordinatorDemoTests.release.xcconfig"; path = "Target Support Files/Pods-CoordinatorDemoTests/Pods-CoordinatorDemoTests.release.xcconfig"; sourceTree = "<group>"; };
		92285D552871DF0D00122F92 /* AppCoordinator.swift */ = {isa = PBXFileReference; lastKnownFileType = sourcecode.swift; path = AppCoordinator.swift; sourceTree = "<group>"; };
		92285D572871E6F700122F92 /* AppCoordinatorModel.swift */ = {isa = PBXFileReference; lastKnownFileType = sourcecode.swift; path = AppCoordinatorModel.swift; sourceTree = "<group>"; };
		92285D592871E7D900122F92 /* Constants.swift */ = {isa = PBXFileReference; lastKnownFileType = sourcecode.swift; path = Constants.swift; sourceTree = "<group>"; };
		92285D5C2871EA6B00122F92 /* LoginViewController.swift */ = {isa = PBXFileReference; lastKnownFileType = sourcecode.swift; path = LoginViewController.swift; sourceTree = "<group>"; };
		92285D5E2871EA8C00122F92 /* MainViewController.swift */ = {isa = PBXFileReference; lastKnownFileType = sourcecode.swift; path = MainViewController.swift; sourceTree = "<group>"; };
		92285D602872801C00122F92 /* LoginCoordinator.swift */ = {isa = PBXFileReference; lastKnownFileType = sourcecode.swift; path = LoginCoordinator.swift; sourceTree = "<group>"; };
		924194462872990800DC8938 /* MainViewCoordinator.swift */ = {isa = PBXFileReference; lastKnownFileType = sourcecode.swift; path = MainViewCoordinator.swift; sourceTree = "<group>"; };
		924194482872BCE700DC8938 /* CameraViewController.swift */ = {isa = PBXFileReference; lastKnownFileType = sourcecode.swift; path = CameraViewController.swift; sourceTree = "<group>"; };
		9241944A2872BD9F00DC8938 /* NotificationViewController.swift */ = {isa = PBXFileReference; lastKnownFileType = sourcecode.swift; path = NotificationViewController.swift; sourceTree = "<group>"; };
		9241944C2872BDCC00DC8938 /* SettingsViewController.swift */ = {isa = PBXFileReference; lastKnownFileType = sourcecode.swift; path = SettingsViewController.swift; sourceTree = "<group>"; };
		9241944E2872C07300DC8938 /* CameraCoordinator.swift */ = {isa = PBXFileReference; lastKnownFileType = sourcecode.swift; path = CameraCoordinator.swift; sourceTree = "<group>"; };
		924194502872C0C000DC8938 /* NotificationCoordinator.swift */ = {isa = PBXFileReference; lastKnownFileType = sourcecode.swift; path = NotificationCoordinator.swift; sourceTree = "<group>"; };
		924194522872C14100DC8938 /* SettingsCoordinator.swift */ = {isa = PBXFileReference; lastKnownFileType = sourcecode.swift; path = SettingsCoordinator.swift; sourceTree = "<group>"; };
		927CD78C28718C88005AAE11 /* CoordinatorDemo.app */ = {isa = PBXFileReference; explicitFileType = wrapper.application; includeInIndex = 0; path = CoordinatorDemo.app; sourceTree = BUILT_PRODUCTS_DIR; };
		927CD78F28718C88005AAE11 /* AppDelegate.swift */ = {isa = PBXFileReference; lastKnownFileType = sourcecode.swift; path = AppDelegate.swift; sourceTree = "<group>"; };
		927CD79128718C88005AAE11 /* SceneDelegate.swift */ = {isa = PBXFileReference; lastKnownFileType = sourcecode.swift; path = SceneDelegate.swift; sourceTree = "<group>"; };
		927CD79328718C88005AAE11 /* ViewController.swift */ = {isa = PBXFileReference; lastKnownFileType = sourcecode.swift; path = ViewController.swift; sourceTree = "<group>"; };
		927CD79628718C88005AAE11 /* Base */ = {isa = PBXFileReference; lastKnownFileType = file.storyboard; name = Base; path = Base.lproj/Main.storyboard; sourceTree = "<group>"; };
		927CD79828718C90005AAE11 /* Assets.xcassets */ = {isa = PBXFileReference; lastKnownFileType = folder.assetcatalog; path = Assets.xcassets; sourceTree = "<group>"; };
		927CD79B28718C90005AAE11 /* Base */ = {isa = PBXFileReference; lastKnownFileType = file.storyboard; name = Base; path = Base.lproj/LaunchScreen.storyboard; sourceTree = "<group>"; };
		927CD79D28718C90005AAE11 /* Info.plist */ = {isa = PBXFileReference; lastKnownFileType = text.plist.xml; path = Info.plist; sourceTree = "<group>"; };
		927CD7A228718C90005AAE11 /* CoordinatorDemoTests.xctest */ = {isa = PBXFileReference; explicitFileType = wrapper.cfbundle; includeInIndex = 0; path = CoordinatorDemoTests.xctest; sourceTree = BUILT_PRODUCTS_DIR; };
		927CD7A628718C90005AAE11 /* CoordinatorDemoTests.swift */ = {isa = PBXFileReference; lastKnownFileType = sourcecode.swift; path = CoordinatorDemoTests.swift; sourceTree = "<group>"; };
		927CD7AC28718C90005AAE11 /* CoordinatorDemoUITests.xctest */ = {isa = PBXFileReference; explicitFileType = wrapper.cfbundle; includeInIndex = 0; path = CoordinatorDemoUITests.xctest; sourceTree = BUILT_PRODUCTS_DIR; };
		927CD7B028718C90005AAE11 /* CoordinatorDemoUITests.swift */ = {isa = PBXFileReference; lastKnownFileType = sourcecode.swift; path = CoordinatorDemoUITests.swift; sourceTree = "<group>"; };
		927CD7B228718C90005AAE11 /* CoordinatorDemoUITestsLaunchTests.swift */ = {isa = PBXFileReference; lastKnownFileType = sourcecode.swift; path = CoordinatorDemoUITestsLaunchTests.swift; sourceTree = "<group>"; };
		927CD7C028718CB6005AAE11 /* Coordinator.swift */ = {isa = PBXFileReference; lastKnownFileType = sourcecode.swift; path = Coordinator.swift; sourceTree = "<group>"; };
		927CD7C228718F57005AAE11 /* NavigationRouter.swift */ = {isa = PBXFileReference; lastKnownFileType = sourcecode.swift; path = NavigationRouter.swift; sourceTree = "<group>"; };
		927CD7C42871DAF6005AAE11 /* BaseCoordinator.swift */ = {isa = PBXFileReference; lastKnownFileType = sourcecode.swift; path = BaseCoordinator.swift; sourceTree = "<group>"; };
		928C3D7A287423BB0079414B /* CameraDetailCoordinator.swift */ = {isa = PBXFileReference; lastKnownFileType = sourcecode.swift; path = CameraDetailCoordinator.swift; sourceTree = "<group>"; };
		928C3D7D287426AC0079414B /* Camera.swift */ = {isa = PBXFileReference; lastKnownFileType = sourcecode.swift; path = Camera.swift; sourceTree = "<group>"; };
		928C3D80287428170079414B /* CameraViewModel.swift */ = {isa = PBXFileReference; lastKnownFileType = sourcecode.swift; path = CameraViewModel.swift; sourceTree = "<group>"; };
		928C3D822874341C0079414B /* CameraDetailViewController.swift */ = {isa = PBXFileReference; lastKnownFileType = sourcecode.swift; path = CameraDetailViewController.swift; sourceTree = "<group>"; };
		928C3D84287483620079414B /* LensViewController.swift */ = {isa = PBXFileReference; lastKnownFileType = sourcecode.swift; path = LensViewController.swift; sourceTree = "<group>"; };
		92E92DC22875D58E00ACFB87 /* DeepLinkOption.swift */ = {isa = PBXFileReference; lastKnownFileType = sourcecode.swift; path = DeepLinkOption.swift; sourceTree = "<group>"; };
		B3D2C8EC3A0CB478156983FA /* Pods_CoordinatorDemoTests.framework */ = {isa = PBXFileReference; explicitFileType = wrapper.framework; includeInIndex = 0; path = Pods_CoordinatorDemoTests.framework; sourceTree = BUILT_PRODUCTS_DIR; };
		C97F8DFCEB4848C88B250712 /* Pods-CoordinatorDemo-CoordinatorDemoUITests.release.xcconfig */ = {isa = PBXFileReference; includeInIndex = 1; lastKnownFileType = text.xcconfig; name = "Pods-CoordinatorDemo-CoordinatorDemoUITests.release.xcconfig"; path = "Target Support Files/Pods-CoordinatorDemo-CoordinatorDemoUITests/Pods-CoordinatorDemo-CoordinatorDemoUITests.release.xcconfig"; sourceTree = "<group>"; };
		FB4F101763BA8B8B66FD8421 /* Pods_CoordinatorDemo.framework */ = {isa = PBXFileReference; explicitFileType = wrapper.framework; includeInIndex = 0; path = Pods_CoordinatorDemo.framework; sourceTree = BUILT_PRODUCTS_DIR; };
/* End PBXFileReference section */

/* Begin PBXFrameworksBuildPhase section */
		927CD78928718C88005AAE11 /* Frameworks */ = {
			isa = PBXFrameworksBuildPhase;
			buildActionMask = 2147483647;
			files = (
				924194452872951500DC8938 /* SnapKit in Frameworks */,
				A9E21D873610D43B27CC51D0 /* Pods_CoordinatorDemo.framework in Frameworks */,
			);
			runOnlyForDeploymentPostprocessing = 0;
		};
		927CD79F28718C90005AAE11 /* Frameworks */ = {
			isa = PBXFrameworksBuildPhase;
			buildActionMask = 2147483647;
			files = (
				B04D5D59198496CF26E3E521 /* Pods_CoordinatorDemoTests.framework in Frameworks */,
			);
			runOnlyForDeploymentPostprocessing = 0;
		};
		927CD7A928718C90005AAE11 /* Frameworks */ = {
			isa = PBXFrameworksBuildPhase;
			buildActionMask = 2147483647;
			files = (
				7BEEAB0C1987843FD9FD441A /* Pods_CoordinatorDemo_CoordinatorDemoUITests.framework in Frameworks */,
			);
			runOnlyForDeploymentPostprocessing = 0;
		};
/* End PBXFrameworksBuildPhase section */

/* Begin PBXGroup section */
		3DB77FB79C54CA4D5CAB7CE7 /* Pods */ = {
			isa = PBXGroup;
			children = (
				29941395BBDE99DC5A0A6134 /* Pods-CoordinatorDemo.debug.xcconfig */,
				2A7CBEC9628A95ABC530C7D9 /* Pods-CoordinatorDemo.release.xcconfig */,
				659DCCB0081C73D65826EFAE /* Pods-CoordinatorDemo-CoordinatorDemoUITests.debug.xcconfig */,
				C97F8DFCEB4848C88B250712 /* Pods-CoordinatorDemo-CoordinatorDemoUITests.release.xcconfig */,
				078E481F20962AD7EFE5C097 /* Pods-CoordinatorDemoTests.debug.xcconfig */,
				8BC25DCF0283738A5A47B5CE /* Pods-CoordinatorDemoTests.release.xcconfig */,
			);
			path = Pods;
			sourceTree = "<group>";
		};
		92285D5B2871EA5C00122F92 /* Views */ = {
			isa = PBXGroup;
			children = (
				92285D5C2871EA6B00122F92 /* LoginViewController.swift */,
				92285D5E2871EA8C00122F92 /* MainViewController.swift */,
				924194482872BCE700DC8938 /* CameraViewController.swift */,
				9241944A2872BD9F00DC8938 /* NotificationViewController.swift */,
				9241944C2872BDCC00DC8938 /* SettingsViewController.swift */,
				928C3D822874341C0079414B /* CameraDetailViewController.swift */,
				928C3D84287483620079414B /* LensViewController.swift */,
			);
			path = Views;
			sourceTree = "<group>";
		};
		927CD78328718C88005AAE11 = {
			isa = PBXGroup;
			children = (
				927CD78E28718C88005AAE11 /* CoordinatorDemo */,
				927CD7A528718C90005AAE11 /* CoordinatorDemoTests */,
				927CD7AF28718C90005AAE11 /* CoordinatorDemoUITests */,
				927CD78D28718C88005AAE11 /* Products */,
				3DB77FB79C54CA4D5CAB7CE7 /* Pods */,
				E7EE7FF23B034AA3F6092B73 /* Frameworks */,
			);
			sourceTree = "<group>";
		};
		927CD78D28718C88005AAE11 /* Products */ = {
			isa = PBXGroup;
			children = (
				927CD78C28718C88005AAE11 /* CoordinatorDemo.app */,
				927CD7A228718C90005AAE11 /* CoordinatorDemoTests.xctest */,
				927CD7AC28718C90005AAE11 /* CoordinatorDemoUITests.xctest */,
			);
			name = Products;
			sourceTree = "<group>";
		};
		927CD78E28718C88005AAE11 /* CoordinatorDemo */ = {
			isa = PBXGroup;
			children = (
				928C3D7F287427FF0079414B /* ViewModels */,
				928C3D7C2874264F0079414B /* Models */,
				92285D5B2871EA5C00122F92 /* Views */,
				927CD7BF28718C99005AAE11 /* Coordinators */,
				927CD78F28718C88005AAE11 /* AppDelegate.swift */,
				927CD79128718C88005AAE11 /* SceneDelegate.swift */,
				927CD79328718C88005AAE11 /* ViewController.swift */,
				927CD79528718C88005AAE11 /* Main.storyboard */,
				927CD79828718C90005AAE11 /* Assets.xcassets */,
				927CD79A28718C90005AAE11 /* LaunchScreen.storyboard */,
				927CD79D28718C90005AAE11 /* Info.plist */,
				92285D592871E7D900122F92 /* Constants.swift */,
			);
			path = CoordinatorDemo;
			sourceTree = "<group>";
		};
		927CD7A528718C90005AAE11 /* CoordinatorDemoTests */ = {
			isa = PBXGroup;
			children = (
				927CD7A628718C90005AAE11 /* CoordinatorDemoTests.swift */,
			);
			path = CoordinatorDemoTests;
			sourceTree = "<group>";
		};
		927CD7AF28718C90005AAE11 /* CoordinatorDemoUITests */ = {
			isa = PBXGroup;
			children = (
				927CD7B028718C90005AAE11 /* CoordinatorDemoUITests.swift */,
				927CD7B228718C90005AAE11 /* CoordinatorDemoUITestsLaunchTests.swift */,
			);
			path = CoordinatorDemoUITests;
			sourceTree = "<group>";
		};
		927CD7BF28718C99005AAE11 /* Coordinators */ = {
			isa = PBXGroup;
			children = (
				927CD7C028718CB6005AAE11 /* Coordinator.swift */,
				927CD7C228718F57005AAE11 /* NavigationRouter.swift */,
				927CD7C42871DAF6005AAE11 /* BaseCoordinator.swift */,
				92285D552871DF0D00122F92 /* AppCoordinator.swift */,
				92285D572871E6F700122F92 /* AppCoordinatorModel.swift */,
				92285D602872801C00122F92 /* LoginCoordinator.swift */,
				924194462872990800DC8938 /* MainViewCoordinator.swift */,
				9241944E2872C07300DC8938 /* CameraCoordinator.swift */,
				924194502872C0C000DC8938 /* NotificationCoordinator.swift */,
				924194522872C14100DC8938 /* SettingsCoordinator.swift */,
				928C3D7A287423BB0079414B /* CameraDetailCoordinator.swift */,
				92E92DC22875D58E00ACFB87 /* DeepLinkOption.swift */,
			);
			path = Coordinators;
			sourceTree = "<group>";
		};
		928C3D7C2874264F0079414B /* Models */ = {
			isa = PBXGroup;
			children = (
				928C3D7D287426AC0079414B /* Camera.swift */,
			);
			path = Models;
			sourceTree = "<group>";
		};
		928C3D7F287427FF0079414B /* ViewModels */ = {
			isa = PBXGroup;
			children = (
				928C3D80287428170079414B /* CameraViewModel.swift */,
			);
			path = ViewModels;
			sourceTree = "<group>";
		};
		E7EE7FF23B034AA3F6092B73 /* Frameworks */ = {
			isa = PBXGroup;
			children = (
				FB4F101763BA8B8B66FD8421 /* Pods_CoordinatorDemo.framework */,
				69817908CA73B362F7830EFD /* Pods_CoordinatorDemo_CoordinatorDemoUITests.framework */,
				B3D2C8EC3A0CB478156983FA /* Pods_CoordinatorDemoTests.framework */,
			);
			name = Frameworks;
			sourceTree = "<group>";
		};
/* End PBXGroup section */

/* Begin PBXNativeTarget section */
		927CD78B28718C88005AAE11 /* CoordinatorDemo */ = {
			isa = PBXNativeTarget;
			buildConfigurationList = 927CD7B628718C90005AAE11 /* Build configuration list for PBXNativeTarget "CoordinatorDemo" */;
			buildPhases = (
				1D2A535A66AA61697EE968EA /* [CP] Check Pods Manifest.lock */,
				927CD78828718C88005AAE11 /* Sources */,
				927CD78928718C88005AAE11 /* Frameworks */,
				927CD78A28718C88005AAE11 /* Resources */,
			);
			buildRules = (
			);
			dependencies = (
			);
			name = CoordinatorDemo;
			packageProductDependencies = (
				924194442872951500DC8938 /* SnapKit */,
			);
			productName = CoordinatorDemo;
			productReference = 927CD78C28718C88005AAE11 /* CoordinatorDemo.app */;
			productType = "com.apple.product-type.application";
		};
		927CD7A128718C90005AAE11 /* CoordinatorDemoTests */ = {
			isa = PBXNativeTarget;
			buildConfigurationList = 927CD7B928718C90005AAE11 /* Build configuration list for PBXNativeTarget "CoordinatorDemoTests" */;
			buildPhases = (
				5A0C6A5F491632EFEB5064CA /* [CP] Check Pods Manifest.lock */,
				927CD79E28718C90005AAE11 /* Sources */,
				927CD79F28718C90005AAE11 /* Frameworks */,
				927CD7A028718C90005AAE11 /* Resources */,
			);
			buildRules = (
			);
			dependencies = (
				927CD7A428718C90005AAE11 /* PBXTargetDependency */,
			);
			name = CoordinatorDemoTests;
			productName = CoordinatorDemoTests;
			productReference = 927CD7A228718C90005AAE11 /* CoordinatorDemoTests.xctest */;
			productType = "com.apple.product-type.bundle.unit-test";
		};
		927CD7AB28718C90005AAE11 /* CoordinatorDemoUITests */ = {
			isa = PBXNativeTarget;
			buildConfigurationList = 927CD7BC28718C90005AAE11 /* Build configuration list for PBXNativeTarget "CoordinatorDemoUITests" */;
			buildPhases = (
				AAC7E9F921E762627CBB4762 /* [CP] Check Pods Manifest.lock */,
				927CD7A828718C90005AAE11 /* Sources */,
				927CD7A928718C90005AAE11 /* Frameworks */,
				927CD7AA28718C90005AAE11 /* Resources */,
			);
			buildRules = (
			);
			dependencies = (
				927CD7AE28718C90005AAE11 /* PBXTargetDependency */,
			);
			name = CoordinatorDemoUITests;
			productName = CoordinatorDemoUITests;
			productReference = 927CD7AC28718C90005AAE11 /* CoordinatorDemoUITests.xctest */;
			productType = "com.apple.product-type.bundle.ui-testing";
		};
/* End PBXNativeTarget section */

/* Begin PBXProject section */
		927CD78428718C88005AAE11 /* Project object */ = {
			isa = PBXProject;
			attributes = {
				BuildIndependentTargetsInParallel = 1;
				LastSwiftUpdateCheck = 1330;
				LastUpgradeCheck = 1330;
				TargetAttributes = {
					927CD78B28718C88005AAE11 = {
						CreatedOnToolsVersion = 13.3.1;
					};
					927CD7A128718C90005AAE11 = {
						CreatedOnToolsVersion = 13.3.1;
						TestTargetID = 927CD78B28718C88005AAE11;
					};
					927CD7AB28718C90005AAE11 = {
						CreatedOnToolsVersion = 13.3.1;
						TestTargetID = 927CD78B28718C88005AAE11;
					};
				};
			};
			buildConfigurationList = 927CD78728718C88005AAE11 /* Build configuration list for PBXProject "CoordinatorDemo" */;
			compatibilityVersion = "Xcode 13.0";
			developmentRegion = en;
			hasScannedForEncodings = 0;
			knownRegions = (
				en,
				Base,
			);
			mainGroup = 927CD78328718C88005AAE11;
			packageReferences = (
				924194432872951500DC8938 /* XCRemoteSwiftPackageReference "SnapKit" */,
			);
			productRefGroup = 927CD78D28718C88005AAE11 /* Products */;
			projectDirPath = "";
			projectRoot = "";
			targets = (
				927CD78B28718C88005AAE11 /* CoordinatorDemo */,
				927CD7A128718C90005AAE11 /* CoordinatorDemoTests */,
				927CD7AB28718C90005AAE11 /* CoordinatorDemoUITests */,
			);
		};
/* End PBXProject section */

/* Begin PBXResourcesBuildPhase section */
		927CD78A28718C88005AAE11 /* Resources */ = {
			isa = PBXResourcesBuildPhase;
			buildActionMask = 2147483647;
			files = (
				927CD79C28718C90005AAE11 /* LaunchScreen.storyboard in Resources */,
				927CD79928718C90005AAE11 /* Assets.xcassets in Resources */,
				927CD79728718C88005AAE11 /* Main.storyboard in Resources */,
			);
			runOnlyForDeploymentPostprocessing = 0;
		};
		927CD7A028718C90005AAE11 /* Resources */ = {
			isa = PBXResourcesBuildPhase;
			buildActionMask = 2147483647;
			files = (
			);
			runOnlyForDeploymentPostprocessing = 0;
		};
		927CD7AA28718C90005AAE11 /* Resources */ = {
			isa = PBXResourcesBuildPhase;
			buildActionMask = 2147483647;
			files = (
			);
			runOnlyForDeploymentPostprocessing = 0;
		};
/* End PBXResourcesBuildPhase section */

/* Begin PBXShellScriptBuildPhase section */
		1D2A535A66AA61697EE968EA /* [CP] Check Pods Manifest.lock */ = {
			isa = PBXShellScriptBuildPhase;
			buildActionMask = 2147483647;
			files = (
			);
			inputFileListPaths = (
			);
			inputPaths = (
				"${PODS_PODFILE_DIR_PATH}/Podfile.lock",
				"${PODS_ROOT}/Manifest.lock",
			);
			name = "[CP] Check Pods Manifest.lock";
			outputFileListPaths = (
			);
			outputPaths = (
				"$(DERIVED_FILE_DIR)/Pods-CoordinatorDemo-checkManifestLockResult.txt",
			);
			runOnlyForDeploymentPostprocessing = 0;
			shellPath = /bin/sh;
			shellScript = "diff \"${PODS_PODFILE_DIR_PATH}/Podfile.lock\" \"${PODS_ROOT}/Manifest.lock\" > /dev/null\nif [ $? != 0 ] ; then\n    # print error to STDERR\n    echo \"error: The sandbox is not in sync with the Podfile.lock. Run 'pod install' or update your CocoaPods installation.\" >&2\n    exit 1\nfi\n# This output is used by Xcode 'outputs' to avoid re-running this script phase.\necho \"SUCCESS\" > \"${SCRIPT_OUTPUT_FILE_0}\"\n";
			showEnvVarsInLog = 0;
		};
		5A0C6A5F491632EFEB5064CA /* [CP] Check Pods Manifest.lock */ = {
			isa = PBXShellScriptBuildPhase;
			buildActionMask = 2147483647;
			files = (
			);
			inputFileListPaths = (
			);
			inputPaths = (
				"${PODS_PODFILE_DIR_PATH}/Podfile.lock",
				"${PODS_ROOT}/Manifest.lock",
			);
			name = "[CP] Check Pods Manifest.lock";
			outputFileListPaths = (
			);
			outputPaths = (
				"$(DERIVED_FILE_DIR)/Pods-CoordinatorDemoTests-checkManifestLockResult.txt",
			);
			runOnlyForDeploymentPostprocessing = 0;
			shellPath = /bin/sh;
			shellScript = "diff \"${PODS_PODFILE_DIR_PATH}/Podfile.lock\" \"${PODS_ROOT}/Manifest.lock\" > /dev/null\nif [ $? != 0 ] ; then\n    # print error to STDERR\n    echo \"error: The sandbox is not in sync with the Podfile.lock. Run 'pod install' or update your CocoaPods installation.\" >&2\n    exit 1\nfi\n# This output is used by Xcode 'outputs' to avoid re-running this script phase.\necho \"SUCCESS\" > \"${SCRIPT_OUTPUT_FILE_0}\"\n";
			showEnvVarsInLog = 0;
		};
		AAC7E9F921E762627CBB4762 /* [CP] Check Pods Manifest.lock */ = {
			isa = PBXShellScriptBuildPhase;
			buildActionMask = 2147483647;
			files = (
			);
			inputFileListPaths = (
			);
			inputPaths = (
				"${PODS_PODFILE_DIR_PATH}/Podfile.lock",
				"${PODS_ROOT}/Manifest.lock",
			);
			name = "[CP] Check Pods Manifest.lock";
			outputFileListPaths = (
			);
			outputPaths = (
				"$(DERIVED_FILE_DIR)/Pods-CoordinatorDemo-CoordinatorDemoUITests-checkManifestLockResult.txt",
			);
			runOnlyForDeploymentPostprocessing = 0;
			shellPath = /bin/sh;
			shellScript = "diff \"${PODS_PODFILE_DIR_PATH}/Podfile.lock\" \"${PODS_ROOT}/Manifest.lock\" > /dev/null\nif [ $? != 0 ] ; then\n    # print error to STDERR\n    echo \"error: The sandbox is not in sync with the Podfile.lock. Run 'pod install' or update your CocoaPods installation.\" >&2\n    exit 1\nfi\n# This output is used by Xcode 'outputs' to avoid re-running this script phase.\necho \"SUCCESS\" > \"${SCRIPT_OUTPUT_FILE_0}\"\n";
			showEnvVarsInLog = 0;
		};
/* End PBXShellScriptBuildPhase section */

/* Begin PBXSourcesBuildPhase section */
		927CD78828718C88005AAE11 /* Sources */ = {
			isa = PBXSourcesBuildPhase;
			buildActionMask = 2147483647;
			files = (
				928C3D7B287423BB0079414B /* CameraDetailCoordinator.swift in Sources */,
				927CD7C128718CB6005AAE11 /* Coordinator.swift in Sources */,
				924194512872C0C000DC8938 /* NotificationCoordinator.swift in Sources */,
				92285D5F2871EA8C00122F92 /* MainViewController.swift in Sources */,
				928C3D85287483620079414B /* LensViewController.swift in Sources */,
				927CD7C52871DAF6005AAE11 /* BaseCoordinator.swift in Sources */,
				928C3D7E287426AC0079414B /* Camera.swift in Sources */,
				9241944F2872C07300DC8938 /* CameraCoordinator.swift in Sources */,
				92285D582871E6F700122F92 /* AppCoordinatorModel.swift in Sources */,
				924194472872990800DC8938 /* MainViewCoordinator.swift in Sources */,
				9241944B2872BD9F00DC8938 /* NotificationViewController.swift in Sources */,
				927CD79428718C88005AAE11 /* ViewController.swift in Sources */,
				9241944D2872BDCC00DC8938 /* SettingsViewController.swift in Sources */,
				92E92DC32875D58E00ACFB87 /* DeepLinkOption.swift in Sources */,
				927CD79028718C88005AAE11 /* AppDelegate.swift in Sources */,
				92285D612872801C00122F92 /* LoginCoordinator.swift in Sources */,
				924194532872C14100DC8938 /* SettingsCoordinator.swift in Sources */,
				927CD7C328718F57005AAE11 /* NavigationRouter.swift in Sources */,
				927CD79228718C88005AAE11 /* SceneDelegate.swift in Sources */,
				928C3D81287428170079414B /* CameraViewModel.swift in Sources */,
				928C3D832874341C0079414B /* CameraDetailViewController.swift in Sources */,
				92285D562871DF0D00122F92 /* AppCoordinator.swift in Sources */,
				924194492872BCE700DC8938 /* CameraViewController.swift in Sources */,
				92285D5D2871EA6B00122F92 /* LoginViewController.swift in Sources */,
				92285D5A2871E7D900122F92 /* Constants.swift in Sources */,
			);
			runOnlyForDeploymentPostprocessing = 0;
		};
		927CD79E28718C90005AAE11 /* Sources */ = {
			isa = PBXSourcesBuildPhase;
			buildActionMask = 2147483647;
			files = (
				927CD7A728718C90005AAE11 /* CoordinatorDemoTests.swift in Sources */,
			);
			runOnlyForDeploymentPostprocessing = 0;
		};
		927CD7A828718C90005AAE11 /* Sources */ = {
			isa = PBXSourcesBuildPhase;
			buildActionMask = 2147483647;
			files = (
				927CD7B328718C90005AAE11 /* CoordinatorDemoUITestsLaunchTests.swift in Sources */,
				927CD7B128718C90005AAE11 /* CoordinatorDemoUITests.swift in Sources */,
			);
			runOnlyForDeploymentPostprocessing = 0;
		};
/* End PBXSourcesBuildPhase section */

/* Begin PBXTargetDependency section */
		927CD7A428718C90005AAE11 /* PBXTargetDependency */ = {
			isa = PBXTargetDependency;
			target = 927CD78B28718C88005AAE11 /* CoordinatorDemo */;
			targetProxy = 927CD7A328718C90005AAE11 /* PBXContainerItemProxy */;
		};
		927CD7AE28718C90005AAE11 /* PBXTargetDependency */ = {
			isa = PBXTargetDependency;
			target = 927CD78B28718C88005AAE11 /* CoordinatorDemo */;
			targetProxy = 927CD7AD28718C90005AAE11 /* PBXContainerItemProxy */;
		};
/* End PBXTargetDependency section */

/* Begin PBXVariantGroup section */
		927CD79528718C88005AAE11 /* Main.storyboard */ = {
			isa = PBXVariantGroup;
			children = (
				927CD79628718C88005AAE11 /* Base */,
			);
			name = Main.storyboard;
			sourceTree = "<group>";
		};
		927CD79A28718C90005AAE11 /* LaunchScreen.storyboard */ = {
			isa = PBXVariantGroup;
			children = (
				927CD79B28718C90005AAE11 /* Base */,
			);
			name = LaunchScreen.storyboard;
			sourceTree = "<group>";
		};
/* End PBXVariantGroup section */

/* Begin XCBuildConfiguration section */
		927CD7B428718C90005AAE11 /* Debug */ = {
			isa = XCBuildConfiguration;
			buildSettings = {
				ALWAYS_SEARCH_USER_PATHS = NO;
				CLANG_ANALYZER_NONNULL = YES;
				CLANG_ANALYZER_NUMBER_OBJECT_CONVERSION = YES_AGGRESSIVE;
				CLANG_CXX_LANGUAGE_STANDARD = "gnu++17";
				CLANG_ENABLE_MODULES = YES;
				CLANG_ENABLE_OBJC_ARC = YES;
				CLANG_ENABLE_OBJC_WEAK = YES;
				CLANG_WARN_BLOCK_CAPTURE_AUTORELEASING = YES;
				CLANG_WARN_BOOL_CONVERSION = YES;
				CLANG_WARN_COMMA = YES;
				CLANG_WARN_CONSTANT_CONVERSION = YES;
				CLANG_WARN_DEPRECATED_OBJC_IMPLEMENTATIONS = YES;
				CLANG_WARN_DIRECT_OBJC_ISA_USAGE = YES_ERROR;
				CLANG_WARN_DOCUMENTATION_COMMENTS = YES;
				CLANG_WARN_EMPTY_BODY = YES;
				CLANG_WARN_ENUM_CONVERSION = YES;
				CLANG_WARN_INFINITE_RECURSION = YES;
				CLANG_WARN_INT_CONVERSION = YES;
				CLANG_WARN_NON_LITERAL_NULL_CONVERSION = YES;
				CLANG_WARN_OBJC_IMPLICIT_RETAIN_SELF = YES;
				CLANG_WARN_OBJC_LITERAL_CONVERSION = YES;
				CLANG_WARN_OBJC_ROOT_CLASS = YES_ERROR;
				CLANG_WARN_QUOTED_INCLUDE_IN_FRAMEWORK_HEADER = YES;
				CLANG_WARN_RANGE_LOOP_ANALYSIS = YES;
				CLANG_WARN_STRICT_PROTOTYPES = YES;
				CLANG_WARN_SUSPICIOUS_MOVE = YES;
				CLANG_WARN_UNGUARDED_AVAILABILITY = YES_AGGRESSIVE;
				CLANG_WARN_UNREACHABLE_CODE = YES;
				CLANG_WARN__DUPLICATE_METHOD_MATCH = YES;
				COPY_PHASE_STRIP = NO;
				DEBUG_INFORMATION_FORMAT = dwarf;
				ENABLE_STRICT_OBJC_MSGSEND = YES;
				ENABLE_TESTABILITY = YES;
				GCC_C_LANGUAGE_STANDARD = gnu11;
				GCC_DYNAMIC_NO_PIC = NO;
				GCC_NO_COMMON_BLOCKS = YES;
				GCC_OPTIMIZATION_LEVEL = 0;
				GCC_PREPROCESSOR_DEFINITIONS = (
					"DEBUG=1",
					"$(inherited)",
				);
				GCC_WARN_64_TO_32_BIT_CONVERSION = YES;
				GCC_WARN_ABOUT_RETURN_TYPE = YES_ERROR;
				GCC_WARN_UNDECLARED_SELECTOR = YES;
				GCC_WARN_UNINITIALIZED_AUTOS = YES_AGGRESSIVE;
				GCC_WARN_UNUSED_FUNCTION = YES;
				GCC_WARN_UNUSED_VARIABLE = YES;
				IPHONEOS_DEPLOYMENT_TARGET = 15.4;
				MTL_ENABLE_DEBUG_INFO = INCLUDE_SOURCE;
				MTL_FAST_MATH = YES;
				ONLY_ACTIVE_ARCH = YES;
				SDKROOT = iphoneos;
				SWIFT_ACTIVE_COMPILATION_CONDITIONS = DEBUG;
				SWIFT_OPTIMIZATION_LEVEL = "-Onone";
			};
			name = Debug;
		};
		927CD7B528718C90005AAE11 /* Release */ = {
			isa = XCBuildConfiguration;
			buildSettings = {
				ALWAYS_SEARCH_USER_PATHS = NO;
				CLANG_ANALYZER_NONNULL = YES;
				CLANG_ANALYZER_NUMBER_OBJECT_CONVERSION = YES_AGGRESSIVE;
				CLANG_CXX_LANGUAGE_STANDARD = "gnu++17";
				CLANG_ENABLE_MODULES = YES;
				CLANG_ENABLE_OBJC_ARC = YES;
				CLANG_ENABLE_OBJC_WEAK = YES;
				CLANG_WARN_BLOCK_CAPTURE_AUTORELEASING = YES;
				CLANG_WARN_BOOL_CONVERSION = YES;
				CLANG_WARN_COMMA = YES;
				CLANG_WARN_CONSTANT_CONVERSION = YES;
				CLANG_WARN_DEPRECATED_OBJC_IMPLEMENTATIONS = YES;
				CLANG_WARN_DIRECT_OBJC_ISA_USAGE = YES_ERROR;
				CLANG_WARN_DOCUMENTATION_COMMENTS = YES;
				CLANG_WARN_EMPTY_BODY = YES;
				CLANG_WARN_ENUM_CONVERSION = YES;
				CLANG_WARN_INFINITE_RECURSION = YES;
				CLANG_WARN_INT_CONVERSION = YES;
				CLANG_WARN_NON_LITERAL_NULL_CONVERSION = YES;
				CLANG_WARN_OBJC_IMPLICIT_RETAIN_SELF = YES;
				CLANG_WARN_OBJC_LITERAL_CONVERSION = YES;
				CLANG_WARN_OBJC_ROOT_CLASS = YES_ERROR;
				CLANG_WARN_QUOTED_INCLUDE_IN_FRAMEWORK_HEADER = YES;
				CLANG_WARN_RANGE_LOOP_ANALYSIS = YES;
				CLANG_WARN_STRICT_PROTOTYPES = YES;
				CLANG_WARN_SUSPICIOUS_MOVE = YES;
				CLANG_WARN_UNGUARDED_AVAILABILITY = YES_AGGRESSIVE;
				CLANG_WARN_UNREACHABLE_CODE = YES;
				CLANG_WARN__DUPLICATE_METHOD_MATCH = YES;
				COPY_PHASE_STRIP = NO;
				DEBUG_INFORMATION_FORMAT = "dwarf-with-dsym";
				ENABLE_NS_ASSERTIONS = NO;
				ENABLE_STRICT_OBJC_MSGSEND = YES;
				GCC_C_LANGUAGE_STANDARD = gnu11;
				GCC_NO_COMMON_BLOCKS = YES;
				GCC_WARN_64_TO_32_BIT_CONVERSION = YES;
				GCC_WARN_ABOUT_RETURN_TYPE = YES_ERROR;
				GCC_WARN_UNDECLARED_SELECTOR = YES;
				GCC_WARN_UNINITIALIZED_AUTOS = YES_AGGRESSIVE;
				GCC_WARN_UNUSED_FUNCTION = YES;
				GCC_WARN_UNUSED_VARIABLE = YES;
				IPHONEOS_DEPLOYMENT_TARGET = 15.4;
				MTL_ENABLE_DEBUG_INFO = NO;
				MTL_FAST_MATH = YES;
				SDKROOT = iphoneos;
				SWIFT_COMPILATION_MODE = wholemodule;
				SWIFT_OPTIMIZATION_LEVEL = "-O";
				VALIDATE_PRODUCT = YES;
			};
			name = Release;
		};
		927CD7B728718C90005AAE11 /* Debug */ = {
			isa = XCBuildConfiguration;
			baseConfigurationReference = 29941395BBDE99DC5A0A6134 /* Pods-CoordinatorDemo.debug.xcconfig */;
			buildSettings = {
				ASSETCATALOG_COMPILER_APPICON_NAME = AppIcon;
				ASSETCATALOG_COMPILER_GLOBAL_ACCENT_COLOR_NAME = AccentColor;
				CODE_SIGN_IDENTITY = "iPhone Developer";
				CODE_SIGN_STYLE = Manual;
				CURRENT_PROJECT_VERSION = 7;
				DEVELOPMENT_TEAM = X8D85Q5275;
				GENERATE_INFOPLIST_FILE = YES;
				INFOPLIST_FILE = CoordinatorDemo/Info.plist;
				INFOPLIST_KEY_UIApplicationSupportsIndirectInputEvents = YES;
				INFOPLIST_KEY_UILaunchStoryboardName = LaunchScreen;
				INFOPLIST_KEY_UIMainStoryboardFile = Main;
				INFOPLIST_KEY_UISupportedInterfaceOrientations_iPad = "UIInterfaceOrientationPortrait UIInterfaceOrientationPortraitUpsideDown UIInterfaceOrientationLandscapeLeft UIInterfaceOrientationLandscapeRight";
				INFOPLIST_KEY_UISupportedInterfaceOrientations_iPhone = "UIInterfaceOrientationPortrait UIInterfaceOrientationLandscapeLeft UIInterfaceOrientationLandscapeRight";
				INFOPLIST_KEY_UIUserInterfaceStyle = Light;
				IPHONEOS_DEPLOYMENT_TARGET = 15.2;
				LD_RUNPATH_SEARCH_PATHS = (
					"$(inherited)",
					"@executable_path/Frameworks",
				);
				MARKETING_VERSION = 1.0;
				PRODUCT_BUNDLE_IDENTIFIER = com.yuling.CoordinatorDemo;
				PRODUCT_NAME = "$(TARGET_NAME)";
				PROVISIONING_PROFILE_SPECIFIER = "match Development com.yuling.CoordinatorDemo";
				SWIFT_EMIT_LOC_STRINGS = YES;
				SWIFT_VERSION = 5.0;
				TARGETED_DEVICE_FAMILY = 1;
				VERSIONING_SYSTEM = "apple-generic";
			};
			name = Debug;
		};
		927CD7B828718C90005AAE11 /* Release */ = {
			isa = XCBuildConfiguration;
			baseConfigurationReference = 2A7CBEC9628A95ABC530C7D9 /* Pods-CoordinatorDemo.release.xcconfig */;
			buildSettings = {
				ASSETCATALOG_COMPILER_APPICON_NAME = AppIcon;
				ASSETCATALOG_COMPILER_GLOBAL_ACCENT_COLOR_NAME = AccentColor;
				CODE_SIGN_IDENTITY = "iPhone Distribution";
				CODE_SIGN_STYLE = Manual;
				CURRENT_PROJECT_VERSION = 7;
				DEVELOPMENT_TEAM = X8D85Q5275;
				GENERATE_INFOPLIST_FILE = YES;
				INFOPLIST_FILE = CoordinatorDemo/Info.plist;
				INFOPLIST_KEY_UIApplicationSupportsIndirectInputEvents = YES;
				INFOPLIST_KEY_UILaunchStoryboardName = LaunchScreen;
				INFOPLIST_KEY_UIMainStoryboardFile = Main;
				INFOPLIST_KEY_UISupportedInterfaceOrientations_iPad = "UIInterfaceOrientationPortrait UIInterfaceOrientationPortraitUpsideDown UIInterfaceOrientationLandscapeLeft UIInterfaceOrientationLandscapeRight";
				INFOPLIST_KEY_UISupportedInterfaceOrientations_iPhone = "UIInterfaceOrientationPortrait UIInterfaceOrientationLandscapeLeft UIInterfaceOrientationLandscapeRight";
				INFOPLIST_KEY_UIUserInterfaceStyle = Light;
				IPHONEOS_DEPLOYMENT_TARGET = 15.2;
				LD_RUNPATH_SEARCH_PATHS = (
					"$(inherited)",
					"@executable_path/Frameworks",
				);
				MARKETING_VERSION = 1.0;
				PRODUCT_BUNDLE_IDENTIFIER = com.yuling.CoordinatorDemo;
				PRODUCT_NAME = "$(TARGET_NAME)";
				PROVISIONING_PROFILE_SPECIFIER = "match AppStore com.yuling.CoordinatorDemo";
				SWIFT_EMIT_LOC_STRINGS = YES;
				SWIFT_VERSION = 5.0;
				TARGETED_DEVICE_FAMILY = 1;
				VERSIONING_SYSTEM = "apple-generic";
			};
			name = Release;
		};
		927CD7BA28718C90005AAE11 /* Debug */ = {
			isa = XCBuildConfiguration;
			baseConfigurationReference = 078E481F20962AD7EFE5C097 /* Pods-CoordinatorDemoTests.debug.xcconfig */;
			buildSettings = {
				ALWAYS_EMBED_SWIFT_STANDARD_LIBRARIES = YES;
				BUNDLE_LOADER = "$(TEST_HOST)";
				CODE_SIGN_STYLE = Automatic;
				CURRENT_PROJECT_VERSION = 4;
				DEVELOPMENT_TEAM = X8D85Q5275;
				GENERATE_INFOPLIST_FILE = YES;
				IPHONEOS_DEPLOYMENT_TARGET = 15.4;
				MARKETING_VERSION = 1.0;
				PRODUCT_BUNDLE_IDENTIFIER = com.yuling.CoordinatorDemoTests;
				PRODUCT_NAME = "$(TARGET_NAME)";
				SWIFT_EMIT_LOC_STRINGS = NO;
				SWIFT_VERSION = 5.0;
				TARGETED_DEVICE_FAMILY = "1,2";
				TEST_HOST = "$(BUILT_PRODUCTS_DIR)/CoordinatorDemo.app/CoordinatorDemo";
			};
			name = Debug;
		};
		927CD7BB28718C90005AAE11 /* Release */ = {
			isa = XCBuildConfiguration;
			baseConfigurationReference = 8BC25DCF0283738A5A47B5CE /* Pods-CoordinatorDemoTests.release.xcconfig */;
			buildSettings = {
				ALWAYS_EMBED_SWIFT_STANDARD_LIBRARIES = YES;
				BUNDLE_LOADER = "$(TEST_HOST)";
				CODE_SIGN_STYLE = Automatic;
				CURRENT_PROJECT_VERSION = 4;
				DEVELOPMENT_TEAM = X8D85Q5275;
				GENERATE_INFOPLIST_FILE = YES;
				IPHONEOS_DEPLOYMENT_TARGET = 15.4;
				MARKETING_VERSION = 1.0;
				PRODUCT_BUNDLE_IDENTIFIER = com.yuling.CoordinatorDemoTests;
				PRODUCT_NAME = "$(TARGET_NAME)";
				SWIFT_EMIT_LOC_STRINGS = NO;
				SWIFT_VERSION = 5.0;
				TARGETED_DEVICE_FAMILY = "1,2";
				TEST_HOST = "$(BUILT_PRODUCTS_DIR)/CoordinatorDemo.app/CoordinatorDemo";
			};
			name = Release;
		};
		927CD7BD28718C90005AAE11 /* Debug */ = {
			isa = XCBuildConfiguration;
			baseConfigurationReference = 659DCCB0081C73D65826EFAE /* Pods-CoordinatorDemo-CoordinatorDemoUITests.debug.xcconfig */;
			buildSettings = {
				ALWAYS_EMBED_SWIFT_STANDARD_LIBRARIES = YES;
				CODE_SIGN_STYLE = Automatic;
				CURRENT_PROJECT_VERSION = 4;
				DEVELOPMENT_TEAM = X8D85Q5275;
				GENERATE_INFOPLIST_FILE = YES;
				MARKETING_VERSION = 1.0;
				PRODUCT_BUNDLE_IDENTIFIER = com.yuling.CoordinatorDemoUITests;
				PRODUCT_NAME = "$(TARGET_NAME)";
				SWIFT_EMIT_LOC_STRINGS = NO;
				SWIFT_VERSION = 5.0;
				TARGETED_DEVICE_FAMILY = "1,2";
				TEST_TARGET_NAME = CoordinatorDemo;
			};
			name = Debug;
		};
		927CD7BE28718C90005AAE11 /* Release */ = {
			isa = XCBuildConfiguration;
			baseConfigurationReference = C97F8DFCEB4848C88B250712 /* Pods-CoordinatorDemo-CoordinatorDemoUITests.release.xcconfig */;
			buildSettings = {
				ALWAYS_EMBED_SWIFT_STANDARD_LIBRARIES = YES;
				CODE_SIGN_STYLE = Automatic;
				CURRENT_PROJECT_VERSION = 4;
				DEVELOPMENT_TEAM = X8D85Q5275;
				GENERATE_INFOPLIST_FILE = YES;
				MARKETING_VERSION = 1.0;
				PRODUCT_BUNDLE_IDENTIFIER = com.yuling.CoordinatorDemoUITests;
				PRODUCT_NAME = "$(TARGET_NAME)";
				SWIFT_EMIT_LOC_STRINGS = NO;
				SWIFT_VERSION = 5.0;
				TARGETED_DEVICE_FAMILY = "1,2";
				TEST_TARGET_NAME = CoordinatorDemo;
			};
			name = Release;
		};
/* End XCBuildConfiguration section */

/* Begin XCConfigurationList section */
		927CD78728718C88005AAE11 /* Build configuration list for PBXProject "CoordinatorDemo" */ = {
			isa = XCConfigurationList;
			buildConfigurations = (
				927CD7B428718C90005AAE11 /* Debug */,
				927CD7B528718C90005AAE11 /* Release */,
			);
			defaultConfigurationIsVisible = 0;
			defaultConfigurationName = Release;
		};
		927CD7B628718C90005AAE11 /* Build configuration list for PBXNativeTarget "CoordinatorDemo" */ = {
			isa = XCConfigurationList;
			buildConfigurations = (
				927CD7B728718C90005AAE11 /* Debug */,
				927CD7B828718C90005AAE11 /* Release */,
			);
			defaultConfigurationIsVisible = 0;
			defaultConfigurationName = Release;
		};
		927CD7B928718C90005AAE11 /* Build configuration list for PBXNativeTarget "CoordinatorDemoTests" */ = {
			isa = XCConfigurationList;
			buildConfigurations = (
				927CD7BA28718C90005AAE11 /* Debug */,
				927CD7BB28718C90005AAE11 /* Release */,
			);
			defaultConfigurationIsVisible = 0;
			defaultConfigurationName = Release;
		};
		927CD7BC28718C90005AAE11 /* Build configuration list for PBXNativeTarget "CoordinatorDemoUITests" */ = {
			isa = XCConfigurationList;
			buildConfigurations = (
				927CD7BD28718C90005AAE11 /* Debug */,
				927CD7BE28718C90005AAE11 /* Release */,
			);
			defaultConfigurationIsVisible = 0;
			defaultConfigurationName = Release;
		};
/* End XCConfigurationList section */

/* Begin XCRemoteSwiftPackageReference section */
		924194432872951500DC8938 /* XCRemoteSwiftPackageReference "SnapKit" */ = {
			isa = XCRemoteSwiftPackageReference;
			repositoryURL = "https://github.com/SnapKit/SnapKit.git";
			requirement = {
				kind = upToNextMajorVersion;
				minimumVersion = 5.0.0;
			};
		};
/* End XCRemoteSwiftPackageReference section */

/* Begin XCSwiftPackageProductDependency section */
		924194442872951500DC8938 /* SnapKit */ = {
			isa = XCSwiftPackageProductDependency;
			package = 924194432872951500DC8938 /* XCRemoteSwiftPackageReference "SnapKit" */;
			productName = SnapKit;
		};
/* End XCSwiftPackageProductDependency section */
	};
	rootObject = 927CD78428718C88005AAE11 /* Project object */;
}
